
Microsoft Visual Studio Solution File, Format Version 12.00
# Visual Studio 2013
VisualStudioVersion = 12.0.21005.1
MinimumVisualStudioVersion = 10.0.40219.1
Project("{FAE04EC0-301F-11D3-BF4B-00C04F79EFBC}") = "MTMCopyTool", "MTMCopyTool\MTMCopyTool.csproj", "{903F0B36-84E8-4275-86C6-062F752AA549}"
EndProject
Global
	GlobalSection(TeamFoundationVersionControl) = preSolution
		SccNumberOfProjects = 2
		SccEnterpriseProvider = {4CA58AB2-18FA-4F8D-95D4-32DDF27D184C}
		SccTeamFoundationServer = https://fashion.visualstudio.com/defaultcollection
		SccLocalPath0 = .
		SccProjectUniqueName1 = MTMCopyTool\\MTMCopyTool.csproj
		SccProjectName1 = MTMCopyTool
		SccLocalPath1 = MTMCopyTool
	EndGlobalSection
	GlobalSection(SolutionConfigurationPlatforms) = preSolution
		Debug|Any CPU = Debug|Any CPU
		Release|Any CPU = Release|Any CPU
	EndGlobalSection
	GlobalSection(ProjectConfigurationPlatforms) = postSolution
		{903F0B36-84E8-4275-86C6-062F752AA549}.Debug|Any CPU.ActiveCfg = Debug|Any CPU
		{903F0B36-84E8-4275-86C6-062F752AA549}.Debug|Any CPU.Build.0 = Debug|Any CPU
		{903F0B36-84E8-4275-86C6-062F752AA549}.Release|Any CPU.ActiveCfg = Release|Any CPU
		{903F0B36-84E8-4275-86C6-062F752AA549}.Release|Any CPU.Build.0 = Release|Any CPU
	EndGlobalSection
	GlobalSection(SolutionProperties) = preSolution
		HideSolutionNode = FALSE
	EndGlobalSection
EndGlobal
